
Microsoft Visual Studio Solution File, Format Version 12.00
# Visual Studio Express 2012 for Windows Desktop
Project("{FAE04EC0-301F-11D3-BF4B-00C04F79EFBC}") = "Ejercicio1", "Ejercicio1\Ejercicio1.csproj", "{32B13F2B-5120-460A-ACF5-BF5DD007F271}"
EndProject
Project("{FAE04EC0-301F-11D3-BF4B-00C04F79EFBC}") = "Clase03", "Clase 3\Clase03.csproj", "{B5337FFE-A9E9-4F86-90F8-44D05FE8DDEB}"
EndProject
Project("{FAE04EC0-301F-11D3-BF4B-00C04F79EFBC}") = "Ejercicio9", "Ejercicio9\Ejercicio9.csproj", "{D7ACD948-631F-4824-A0F0-AF6F07F33C7C}"
EndProject
Project("{FAE04EC0-301F-11D3-BF4B-00C04F79EFBC}") = "Ejercicio2", "Ejercicio2\Ejercicio2.csproj", "{8BB899AE-A892-49ED-8FA8-66A80168CFD1}"
EndProject
Project("{FAE04EC0-301F-11D3-BF4B-00C04F79EFBC}") = "TesteandoSobrecargas", "TesteandoSobrecargas\TesteandoSobrecargas.csproj", "{A2A399D3-BE22-4E95-B9CD-387F7DA4A17C}"
EndProject
Project("{FAE04EC0-301F-11D3-BF4B-00C04F79EFBC}") = "Entidades", "Entidades\Entidades.csproj", "{F2498B73-A023-49F4-B5C5-29AE91E0BF5B}"
EndProject
Project("{FAE04EC0-301F-11D3-BF4B-00C04F79EFBC}") = "TestLibreria", "TestLibreria\TestLibreria.csproj", "{DC452958-CD79-445E-B96F-C74B344938DA}"
EndProject
Project("{FAE04EC0-301F-11D3-BF4B-00C04F79EFBC}") = "TestLibreriaWF", "TestLibreriaWF\TestLibreriaWF.csproj", "{BCF3DA13-85B4-41DF-9092-D841133586AE}"
EndProject
Project("{FAE04EC0-301F-11D3-BF4B-00C04F79EFBC}") = "Entidades.Sobrecarga", "Entidades.Sobrecarga\Entidades.Sobrecarga.csproj", "{30B28EE9-6AE5-4D47-BB33-2E92BA89701C}"
EndProject
Project("{FAE04EC0-301F-11D3-BF4B-00C04F79EFBC}") = "Test.Sobrecarga.PlumaTinta", "Test.Sobrecarga.Tinta\Test.Sobrecarga.PlumaTinta.csproj", "{1BECA19D-DA84-44A7-B50D-4F2A17784B70}"
EndProject
Project("{FAE04EC0-301F-11D3-BF4B-00C04F79EFBC}") = "TP1", "TP1\TP1.csproj", "{9D30F85B-DA2E-402C-837F-F3CE5ADD01D5}"
EndProject
Project("{FAE04EC0-301F-11D3-BF4B-00C04F79EFBC}") = "TrabajoPractico1WindowsForm", "TrabajoPractico1WindowsForm\TrabajoPractico1WindowsForm.csproj", "{FA5A2089-107B-498D-AFE0-0E7977A98A33}"
EndProject
Project("{FAE04EC0-301F-11D3-BF4B-00C04F79EFBC}") = "Clase06.Entidad", "Clase06.Entidad\Clase06.Entidad.csproj", "{9B5FCD05-3166-4B39-AE55-2758CA6B14A0}"
EndProject
Project("{FAE04EC0-301F-11D3-BF4B-00C04F79EFBC}") = "Clase06.Entidad.Consola", "Clase06.Entidad.Consola\Clase06.Entidad.Consola.csproj", "{AD248715-756B-4072-9FCA-671F4042381A}"
EndProject
Project("{FAE04EC0-301F-11D3-BF4B-00C04F79EFBC}") = "Clase08.Colecciones", "Clase08.Colecciones\Clase08.Colecciones.csproj", "{D017DB82-93E8-401D-A9A6-FB3F40F6DB0C}"
EndProject
Project("{FAE04EC0-301F-11D3-BF4B-00C04F79EFBC}") = "Clase10Consola", "Clase10Consola\Clase10Consola.csproj", "{FDAC159A-CD2F-41B7-8FBF-5CC0DA02B230}"
EndProject
Project("{FAE04EC0-301F-11D3-BF4B-00C04F79EFBC}") = "Herencia-Vehiculo-Clases", "Herencia-Vehiculo\Herencia-Vehiculo-Clases.csproj", "{F8329304-6E8B-415D-8AC9-AA7BB0C491C6}"
EndProject
Project("{FAE04EC0-301F-11D3-BF4B-00C04F79EFBC}") = "Herencia-Vehiculo-Consola", "Herencia-Vehiculo-Consola\Herencia-Vehiculo-Consola.csproj", "{5E24A7F7-7B7B-4D50-9C1E-31F4478E52EE}"
EndProject
Project("{FAE04EC0-301F-11D3-BF4B-00C04F79EFBC}") = "Clase12Polimorfismo", "Clase12\Clase12Polimorfismo.csproj", "{623911F0-8533-47A3-9476-2E9755F3AF7F}"
EndProject
Project("{FAE04EC0-301F-11D3-BF4B-00C04F79EFBC}") = "TestClase12Polimorfismo", "TestClase12\TestClase12Polimorfismo.csproj", "{649B8E97-53EF-4AE1-AC4B-4AF9822312C6}"
EndProject
Project("{FAE04EC0-301F-11D3-BF4B-00C04F79EFBC}") = "TP-02", "TP-02\TP-02.csproj", "{19D443D3-182C-4844-8A63-A4184CDDA8A2}"
EndProject
Project("{FAE04EC0-301F-11D3-BF4B-00C04F79EFBC}") = "TP-02Entidades", "TP-02Entidades\TP-02Entidades.csproj", "{8CF8EFF2-C6B2-44B2-B247-11A4F2ED3CCB}"
EndProject
Project("{FAE04EC0-301F-11D3-BF4B-00C04F79EFBC}") = "CentralitaHerencia", "CentralitaHerencia\CentralitaHerencia.csproj", "{66707982-F01C-4DF1-8504-39846208D565}"
EndProject
Project("{FAE04EC0-301F-11D3-BF4B-00C04F79EFBC}") = "Clase13", "Clase13\Clase13.csproj", "{824F5042-7FB8-4CF5-8293-E46758B3AFA1}"
EndProject
Project("{FAE04EC0-301F-11D3-BF4B-00C04F79EFBC}") = "Clase13Consola", "Clase13Consola\Clase13Consola.csproj", "{394736CC-C5DF-428A-8E76-0A0D7F99B6C3}"
EndProject
Project("{FAE04EC0-301F-11D3-BF4B-00C04F79EFBC}") = "CentralitaPolimorfismo", "CentralitaPolimorfismo\CentralitaPolimorfismo.csproj", "{804769B9-7C8B-48BC-AAAF-A47E1B4DB461}"
EndProject
Project("{FAE04EC0-301F-11D3-BF4B-00C04F79EFBC}") = "Clase14", "Clase14\Clase14.csproj", "{17FA1AB7-1C30-49A7-AE4E-107207898880}"
EndProject
Project("{FAE04EC0-301F-11D3-BF4B-00C04F79EFBC}") = "Clase14Consola", "Clase14Consola\Clase14Consola.csproj", "{12C225F1-DCE6-4E40-ADB2-EC7D86D48B6D}"
EndProject
Project("{FAE04EC0-301F-11D3-BF4B-00C04F79EFBC}") = "PrimerParcial", "PrimerParcial\PrimerParcial.csproj", "{79A70E2B-FE0E-416A-A349-A3A8546AA880}"
EndProject
Project("{FAE04EC0-301F-11D3-BF4B-00C04F79EFBC}") = "Clase15Libreria(MetodosDeExtension)", "Clase15Libreria\Clase15Libreria(MetodosDeExtension).csproj", "{EB579203-4111-4363-A879-7492E9146ACE}"
EndProject
Project("{FAE04EC0-301F-11D3-BF4B-00C04F79EFBC}") = "Clase15Consola(MetodosDeExtension)", "Clase15Consola\Clase15Consola(MetodosDeExtension).csproj", "{C77DD094-423B-4688-8B19-600CCB55FC79}"
EndProject
Project("{FAE04EC0-301F-11D3-BF4B-00C04F79EFBC}") = "RecPrimerParcial", "RecPrimerParcial\RecPrimerParcial.csproj", "{2D77EF30-159B-4ECA-B275-46EAD08EA34A}"
EndProject
Project("{FAE04EC0-301F-11D3-BF4B-00C04F79EFBC}") = "InterfacesClases", "Interfaces\InterfacesClases.csproj", "{918EDFE7-74AC-4EB1-9630-FA843DDC41E5}"
EndProject
Project("{FAE04EC0-301F-11D3-BF4B-00C04F79EFBC}") = "InterfacesConsola", "Interfaces\Interfaces\InterfacesConsola.csproj", "{9FF2097E-B066-4F8B-BE4D-4EF9E9E1146E}"
EndProject
Global
	GlobalSection(SolutionConfigurationPlatforms) = preSolution
		Debug|Any CPU = Debug|Any CPU
		Release|Any CPU = Release|Any CPU
	EndGlobalSection
	GlobalSection(ProjectConfigurationPlatforms) = postSolution
		{32B13F2B-5120-460A-ACF5-BF5DD007F271}.Debug|Any CPU.ActiveCfg = Debug|Any CPU
		{32B13F2B-5120-460A-ACF5-BF5DD007F271}.Debug|Any CPU.Build.0 = Debug|Any CPU
		{32B13F2B-5120-460A-ACF5-BF5DD007F271}.Release|Any CPU.ActiveCfg = Release|Any CPU
		{32B13F2B-5120-460A-ACF5-BF5DD007F271}.Release|Any CPU.Build.0 = Release|Any CPU
		{B5337FFE-A9E9-4F86-90F8-44D05FE8DDEB}.Debug|Any CPU.ActiveCfg = Debug|Any CPU
		{B5337FFE-A9E9-4F86-90F8-44D05FE8DDEB}.Debug|Any CPU.Build.0 = Debug|Any CPU
		{B5337FFE-A9E9-4F86-90F8-44D05FE8DDEB}.Release|Any CPU.ActiveCfg = Release|Any CPU
		{B5337FFE-A9E9-4F86-90F8-44D05FE8DDEB}.Release|Any CPU.Build.0 = Release|Any CPU
		{D7ACD948-631F-4824-A0F0-AF6F07F33C7C}.Debug|Any CPU.ActiveCfg = Debug|Any CPU
		{D7ACD948-631F-4824-A0F0-AF6F07F33C7C}.Debug|Any CPU.Build.0 = Debug|Any CPU
		{D7ACD948-631F-4824-A0F0-AF6F07F33C7C}.Release|Any CPU.ActiveCfg = Release|Any CPU
		{D7ACD948-631F-4824-A0F0-AF6F07F33C7C}.Release|Any CPU.Build.0 = Release|Any CPU
		{8BB899AE-A892-49ED-8FA8-66A80168CFD1}.Debug|Any CPU.ActiveCfg = Debug|Any CPU
		{8BB899AE-A892-49ED-8FA8-66A80168CFD1}.Debug|Any CPU.Build.0 = Debug|Any CPU
		{8BB899AE-A892-49ED-8FA8-66A80168CFD1}.Release|Any CPU.ActiveCfg = Release|Any CPU
		{8BB899AE-A892-49ED-8FA8-66A80168CFD1}.Release|Any CPU.Build.0 = Release|Any CPU
		{A2A399D3-BE22-4E95-B9CD-387F7DA4A17C}.Debug|Any CPU.ActiveCfg = Debug|Any CPU
		{A2A399D3-BE22-4E95-B9CD-387F7DA4A17C}.Debug|Any CPU.Build.0 = Debug|Any CPU
		{A2A399D3-BE22-4E95-B9CD-387F7DA4A17C}.Release|Any CPU.ActiveCfg = Release|Any CPU
		{A2A399D3-BE22-4E95-B9CD-387F7DA4A17C}.Release|Any CPU.Build.0 = Release|Any CPU
		{F2498B73-A023-49F4-B5C5-29AE91E0BF5B}.Debug|Any CPU.ActiveCfg = Debug|Any CPU
		{F2498B73-A023-49F4-B5C5-29AE91E0BF5B}.Debug|Any CPU.Build.0 = Debug|Any CPU
		{F2498B73-A023-49F4-B5C5-29AE91E0BF5B}.Release|Any CPU.ActiveCfg = Release|Any CPU
		{F2498B73-A023-49F4-B5C5-29AE91E0BF5B}.Release|Any CPU.Build.0 = Release|Any CPU
		{DC452958-CD79-445E-B96F-C74B344938DA}.Debug|Any CPU.ActiveCfg = Debug|Any CPU
		{DC452958-CD79-445E-B96F-C74B344938DA}.Debug|Any CPU.Build.0 = Debug|Any CPU
		{DC452958-CD79-445E-B96F-C74B344938DA}.Release|Any CPU.ActiveCfg = Release|Any CPU
		{DC452958-CD79-445E-B96F-C74B344938DA}.Release|Any CPU.Build.0 = Release|Any CPU
		{BCF3DA13-85B4-41DF-9092-D841133586AE}.Debug|Any CPU.ActiveCfg = Debug|Any CPU
		{BCF3DA13-85B4-41DF-9092-D841133586AE}.Debug|Any CPU.Build.0 = Debug|Any CPU
		{BCF3DA13-85B4-41DF-9092-D841133586AE}.Release|Any CPU.ActiveCfg = Release|Any CPU
		{BCF3DA13-85B4-41DF-9092-D841133586AE}.Release|Any CPU.Build.0 = Release|Any CPU
		{30B28EE9-6AE5-4D47-BB33-2E92BA89701C}.Debug|Any CPU.ActiveCfg = Debug|Any CPU
		{30B28EE9-6AE5-4D47-BB33-2E92BA89701C}.Debug|Any CPU.Build.0 = Debug|Any CPU
		{30B28EE9-6AE5-4D47-BB33-2E92BA89701C}.Release|Any CPU.ActiveCfg = Release|Any CPU
		{30B28EE9-6AE5-4D47-BB33-2E92BA89701C}.Release|Any CPU.Build.0 = Release|Any CPU
		{1BECA19D-DA84-44A7-B50D-4F2A17784B70}.Debug|Any CPU.ActiveCfg = Debug|Any CPU
		{1BECA19D-DA84-44A7-B50D-4F2A17784B70}.Debug|Any CPU.Build.0 = Debug|Any CPU
		{1BECA19D-DA84-44A7-B50D-4F2A17784B70}.Release|Any CPU.ActiveCfg = Release|Any CPU
		{1BECA19D-DA84-44A7-B50D-4F2A17784B70}.Release|Any CPU.Build.0 = Release|Any CPU
		{9D30F85B-DA2E-402C-837F-F3CE5ADD01D5}.Debug|Any CPU.ActiveCfg = Debug|Any CPU
		{9D30F85B-DA2E-402C-837F-F3CE5ADD01D5}.Debug|Any CPU.Build.0 = Debug|Any CPU
		{9D30F85B-DA2E-402C-837F-F3CE5ADD01D5}.Release|Any CPU.ActiveCfg = Release|Any CPU
		{9D30F85B-DA2E-402C-837F-F3CE5ADD01D5}.Release|Any CPU.Build.0 = Release|Any CPU
		{FA5A2089-107B-498D-AFE0-0E7977A98A33}.Debug|Any CPU.ActiveCfg = Debug|Any CPU
		{FA5A2089-107B-498D-AFE0-0E7977A98A33}.Debug|Any CPU.Build.0 = Debug|Any CPU
		{FA5A2089-107B-498D-AFE0-0E7977A98A33}.Release|Any CPU.ActiveCfg = Release|Any CPU
		{FA5A2089-107B-498D-AFE0-0E7977A98A33}.Release|Any CPU.Build.0 = Release|Any CPU
		{9B5FCD05-3166-4B39-AE55-2758CA6B14A0}.Debug|Any CPU.ActiveCfg = Debug|Any CPU
		{9B5FCD05-3166-4B39-AE55-2758CA6B14A0}.Debug|Any CPU.Build.0 = Debug|Any CPU
		{9B5FCD05-3166-4B39-AE55-2758CA6B14A0}.Release|Any CPU.ActiveCfg = Release|Any CPU
		{9B5FCD05-3166-4B39-AE55-2758CA6B14A0}.Release|Any CPU.Build.0 = Release|Any CPU
		{AD248715-756B-4072-9FCA-671F4042381A}.Debug|Any CPU.ActiveCfg = Debug|Any CPU
		{AD248715-756B-4072-9FCA-671F4042381A}.Debug|Any CPU.Build.0 = Debug|Any CPU
		{AD248715-756B-4072-9FCA-671F4042381A}.Release|Any CPU.ActiveCfg = Release|Any CPU
		{AD248715-756B-4072-9FCA-671F4042381A}.Release|Any CPU.Build.0 = Release|Any CPU
		{D017DB82-93E8-401D-A9A6-FB3F40F6DB0C}.Debug|Any CPU.ActiveCfg = Debug|Any CPU
		{D017DB82-93E8-401D-A9A6-FB3F40F6DB0C}.Debug|Any CPU.Build.0 = Debug|Any CPU
		{D017DB82-93E8-401D-A9A6-FB3F40F6DB0C}.Release|Any CPU.ActiveCfg = Release|Any CPU
		{D017DB82-93E8-401D-A9A6-FB3F40F6DB0C}.Release|Any CPU.Build.0 = Release|Any CPU
		{FDAC159A-CD2F-41B7-8FBF-5CC0DA02B230}.Debug|Any CPU.ActiveCfg = Debug|Any CPU
		{FDAC159A-CD2F-41B7-8FBF-5CC0DA02B230}.Debug|Any CPU.Build.0 = Debug|Any CPU
		{FDAC159A-CD2F-41B7-8FBF-5CC0DA02B230}.Release|Any CPU.ActiveCfg = Release|Any CPU
		{FDAC159A-CD2F-41B7-8FBF-5CC0DA02B230}.Release|Any CPU.Build.0 = Release|Any CPU
		{F8329304-6E8B-415D-8AC9-AA7BB0C491C6}.Debug|Any CPU.ActiveCfg = Debug|Any CPU
		{F8329304-6E8B-415D-8AC9-AA7BB0C491C6}.Debug|Any CPU.Build.0 = Debug|Any CPU
		{F8329304-6E8B-415D-8AC9-AA7BB0C491C6}.Release|Any CPU.ActiveCfg = Release|Any CPU
		{F8329304-6E8B-415D-8AC9-AA7BB0C491C6}.Release|Any CPU.Build.0 = Release|Any CPU
		{5E24A7F7-7B7B-4D50-9C1E-31F4478E52EE}.Debug|Any CPU.ActiveCfg = Debug|Any CPU
		{5E24A7F7-7B7B-4D50-9C1E-31F4478E52EE}.Debug|Any CPU.Build.0 = Debug|Any CPU
		{5E24A7F7-7B7B-4D50-9C1E-31F4478E52EE}.Release|Any CPU.ActiveCfg = Release|Any CPU
		{5E24A7F7-7B7B-4D50-9C1E-31F4478E52EE}.Release|Any CPU.Build.0 = Release|Any CPU
		{623911F0-8533-47A3-9476-2E9755F3AF7F}.Debug|Any CPU.ActiveCfg = Debug|Any CPU
		{623911F0-8533-47A3-9476-2E9755F3AF7F}.Debug|Any CPU.Build.0 = Debug|Any CPU
		{623911F0-8533-47A3-9476-2E9755F3AF7F}.Release|Any CPU.ActiveCfg = Release|Any CPU
		{623911F0-8533-47A3-9476-2E9755F3AF7F}.Release|Any CPU.Build.0 = Release|Any CPU
		{649B8E97-53EF-4AE1-AC4B-4AF9822312C6}.Debug|Any CPU.ActiveCfg = Debug|Any CPU
		{649B8E97-53EF-4AE1-AC4B-4AF9822312C6}.Debug|Any CPU.Build.0 = Debug|Any CPU
		{649B8E97-53EF-4AE1-AC4B-4AF9822312C6}.Release|Any CPU.ActiveCfg = Release|Any CPU
		{649B8E97-53EF-4AE1-AC4B-4AF9822312C6}.Release|Any CPU.Build.0 = Release|Any CPU
		{19D443D3-182C-4844-8A63-A4184CDDA8A2}.Debug|Any CPU.ActiveCfg = Debug|Any CPU
		{19D443D3-182C-4844-8A63-A4184CDDA8A2}.Debug|Any CPU.Build.0 = Debug|Any CPU
		{19D443D3-182C-4844-8A63-A4184CDDA8A2}.Release|Any CPU.ActiveCfg = Release|Any CPU
		{19D443D3-182C-4844-8A63-A4184CDDA8A2}.Release|Any CPU.Build.0 = Release|Any CPU
		{8CF8EFF2-C6B2-44B2-B247-11A4F2ED3CCB}.Debug|Any CPU.ActiveCfg = Debug|Any CPU
		{8CF8EFF2-C6B2-44B2-B247-11A4F2ED3CCB}.Debug|Any CPU.Build.0 = Debug|Any CPU
		{8CF8EFF2-C6B2-44B2-B247-11A4F2ED3CCB}.Release|Any CPU.ActiveCfg = Release|Any CPU
		{8CF8EFF2-C6B2-44B2-B247-11A4F2ED3CCB}.Release|Any CPU.Build.0 = Release|Any CPU
		{66707982-F01C-4DF1-8504-39846208D565}.Debug|Any CPU.ActiveCfg = Debug|Any CPU
		{66707982-F01C-4DF1-8504-39846208D565}.Debug|Any CPU.Build.0 = Debug|Any CPU
		{66707982-F01C-4DF1-8504-39846208D565}.Release|Any CPU.ActiveCfg = Release|Any CPU
		{66707982-F01C-4DF1-8504-39846208D565}.Release|Any CPU.Build.0 = Release|Any CPU
		{824F5042-7FB8-4CF5-8293-E46758B3AFA1}.Debug|Any CPU.ActiveCfg = Debug|Any CPU
		{824F5042-7FB8-4CF5-8293-E46758B3AFA1}.Debug|Any CPU.Build.0 = Debug|Any CPU
		{824F5042-7FB8-4CF5-8293-E46758B3AFA1}.Release|Any CPU.ActiveCfg = Release|Any CPU
		{824F5042-7FB8-4CF5-8293-E46758B3AFA1}.Release|Any CPU.Build.0 = Release|Any CPU
		{394736CC-C5DF-428A-8E76-0A0D7F99B6C3}.Debug|Any CPU.ActiveCfg = Debug|Any CPU
		{394736CC-C5DF-428A-8E76-0A0D7F99B6C3}.Debug|Any CPU.Build.0 = Debug|Any CPU
		{394736CC-C5DF-428A-8E76-0A0D7F99B6C3}.Release|Any CPU.ActiveCfg = Release|Any CPU
		{394736CC-C5DF-428A-8E76-0A0D7F99B6C3}.Release|Any CPU.Build.0 = Release|Any CPU
		{804769B9-7C8B-48BC-AAAF-A47E1B4DB461}.Debug|Any CPU.ActiveCfg = Debug|Any CPU
		{804769B9-7C8B-48BC-AAAF-A47E1B4DB461}.Debug|Any CPU.Build.0 = Debug|Any CPU
		{804769B9-7C8B-48BC-AAAF-A47E1B4DB461}.Release|Any CPU.ActiveCfg = Release|Any CPU
		{804769B9-7C8B-48BC-AAAF-A47E1B4DB461}.Release|Any CPU.Build.0 = Release|Any CPU
		{17FA1AB7-1C30-49A7-AE4E-107207898880}.Debug|Any CPU.ActiveCfg = Debug|Any CPU
		{17FA1AB7-1C30-49A7-AE4E-107207898880}.Debug|Any CPU.Build.0 = Debug|Any CPU
		{17FA1AB7-1C30-49A7-AE4E-107207898880}.Release|Any CPU.ActiveCfg = Release|Any CPU
		{17FA1AB7-1C30-49A7-AE4E-107207898880}.Release|Any CPU.Build.0 = Release|Any CPU
		{12C225F1-DCE6-4E40-ADB2-EC7D86D48B6D}.Debug|Any CPU.ActiveCfg = Debug|Any CPU
		{12C225F1-DCE6-4E40-ADB2-EC7D86D48B6D}.Debug|Any CPU.Build.0 = Debug|Any CPU
		{12C225F1-DCE6-4E40-ADB2-EC7D86D48B6D}.Release|Any CPU.ActiveCfg = Release|Any CPU
		{12C225F1-DCE6-4E40-ADB2-EC7D86D48B6D}.Release|Any CPU.Build.0 = Release|Any CPU
		{79A70E2B-FE0E-416A-A349-A3A8546AA880}.Debug|Any CPU.ActiveCfg = Debug|Any CPU
		{79A70E2B-FE0E-416A-A349-A3A8546AA880}.Debug|Any CPU.Build.0 = Debug|Any CPU
		{79A70E2B-FE0E-416A-A349-A3A8546AA880}.Release|Any CPU.ActiveCfg = Release|Any CPU
		{79A70E2B-FE0E-416A-A349-A3A8546AA880}.Release|Any CPU.Build.0 = Release|Any CPU
		{EB579203-4111-4363-A879-7492E9146ACE}.Debug|Any CPU.ActiveCfg = Debug|Any CPU
		{EB579203-4111-4363-A879-7492E9146ACE}.Debug|Any CPU.Build.0 = Debug|Any CPU
		{EB579203-4111-4363-A879-7492E9146ACE}.Release|Any CPU.ActiveCfg = Release|Any CPU
		{EB579203-4111-4363-A879-7492E9146ACE}.Release|Any CPU.Build.0 = Release|Any CPU
		{C77DD094-423B-4688-8B19-600CCB55FC79}.Debug|Any CPU.ActiveCfg = Debug|Any CPU
		{C77DD094-423B-4688-8B19-600CCB55FC79}.Debug|Any CPU.Build.0 = Debug|Any CPU
		{C77DD094-423B-4688-8B19-600CCB55FC79}.Release|Any CPU.ActiveCfg = Release|Any CPU
		{C77DD094-423B-4688-8B19-600CCB55FC79}.Release|Any CPU.Build.0 = Release|Any CPU
		{2D77EF30-159B-4ECA-B275-46EAD08EA34A}.Debug|Any CPU.ActiveCfg = Debug|Any CPU
		{2D77EF30-159B-4ECA-B275-46EAD08EA34A}.Debug|Any CPU.Build.0 = Debug|Any CPU
		{2D77EF30-159B-4ECA-B275-46EAD08EA34A}.Release|Any CPU.ActiveCfg = Release|Any CPU
		{2D77EF30-159B-4ECA-B275-46EAD08EA34A}.Release|Any CPU.Build.0 = Release|Any CPU
		{918EDFE7-74AC-4EB1-9630-FA843DDC41E5}.Debug|Any CPU.ActiveCfg = Debug|Any CPU
		{918EDFE7-74AC-4EB1-9630-FA843DDC41E5}.Debug|Any CPU.Build.0 = Debug|Any CPU
		{918EDFE7-74AC-4EB1-9630-FA843DDC41E5}.Release|Any CPU.ActiveCfg = Release|Any CPU
		{918EDFE7-74AC-4EB1-9630-FA843DDC41E5}.Release|Any CPU.Build.0 = Release|Any CPU
		{9FF2097E-B066-4F8B-BE4D-4EF9E9E1146E}.Debug|Any CPU.ActiveCfg = Debug|Any CPU
		{9FF2097E-B066-4F8B-BE4D-4EF9E9E1146E}.Debug|Any CPU.Build.0 = Debug|Any CPU
		{9FF2097E-B066-4F8B-BE4D-4EF9E9E1146E}.Release|Any CPU.ActiveCfg = Release|Any CPU
		{9FF2097E-B066-4F8B-BE4D-4EF9E9E1146E}.Release|Any CPU.Build.0 = Release|Any CPU
	EndGlobalSection
	GlobalSection(SolutionProperties) = preSolution
		HideSolutionNode = FALSE
	EndGlobalSection
EndGlobal
